dependencies:
  idf:
    component_hash: null
    source:
      type: idf
    version: 5.2.1
  protocol_examples_common:
    component_hash: null
    source:
      path: C:\Users\PYBL\esp\v5.2.1\esp-idf\examples\common_components\protocol_examples_common
      type: local
    version: '*'
manifest_hash: 49bbd92414059953483e12f7aca91abfa81adffd22f9fbab51f5d200e928ccb0
target: esp32s3
version: 1.0.0
